PODS:
  - FLEX (4.7.0)

DEPENDENCIES:
  - FLEX (from `https://github.com/gojekfarm/Flex.git`, branch `add-header-maps`)

EXTERNAL SOURCES:
  FLEX:
    :branch: add-header-maps
    :git: https://github.com/gojekfarm/Flex.git

CHECKOUT OPTIONS:
  FLEX:
    :commit: 80d1610235bba759cf0115fa3a578cacf62ded73
    :git: https://github.com/gojekfarm/Flex.git

SPEC CHECKSUMS:
  FLEX: 7e8f74e595cc52d4aeeec3428c0f7f98d2457e13

PODFILE CHECKSUM: c69e4eb5ce9c6ceb221c759ef9246b761e3468c4

COCOAPODS: 1.12.1
